
Microsoft Visual Studio Solution File, Format Version 12.00
# Visual Studio Version 17
VisualStudioVersion = 17.5.33530.505
MinimumVisualStudioVersion = 10.0.40219.1
Project("{FAE04EC0-301F-11D3-BF4B-00C04F79EFBC}") = "ConceptsPOO", "ConceptsPOO\ConceptsPOO.csproj", "{23AA815D-97A7-4C77-BB3E-2CD661BDE93C}"
EndProject
Global
	GlobalSection(SolutionConfigurationPlatforms) = preSolution
		Debug|Any CPU = Debug|Any CPU
		Release|Any CPU = Release|Any CPU
	EndGlobalSection
	GlobalSection(ProjectConfigurationPlatforms) = postSolution
		{23AA815D-97A7-4C77-BB3E-2CD661BDE93C}.Debug|Any CPU.ActiveCfg = Debug|Any CPU
		{23AA815D-97A7-4C77-BB3E-2CD661BDE93C}.Debug|Any CPU.Build.0 = Debug|Any CPU
		{23AA815D-97A7-4C77-BB3E-2CD661BDE93C}.Release|Any CPU.ActiveCfg = Release|Any CPU
		{23AA815D-97A7-4C77-BB3E-2CD661BDE93C}.Release|Any CPU.Build.0 = Release|Any CPU
	EndGlobalSection
	GlobalSection(SolutionProperties) = preSolution
		HideSolutionNode = FALSE
	EndGlobalSection
	GlobalSection(ExtensibilityGlobals) = postSolution
		SolutionGuid = {D788FEC1-F5BF-4FD4-A5BC-7B5F25C52A1C}
	EndGlobalSection
EndGlobal
